{
  "name": "node",
  "lockfileVersion": 3,
  "requires": true,
  "packages": {
    "": {
      "dependencies": {
        "@google/generative-ai": "^0.10.0"
      }
    },
    "node_modules/@google/generative-ai": {
      "version": "0.10.0",
      "resolved": "https://registry.npmjs.org/@google/generative-ai/-/generative-ai-0.10.0.tgz",
      "integrity": "sha512-fZJEL8DcDgvBCguLdaAdBBEoh+83LDXK3m9rVh5iksvwVJDgZqkpsLGKJuM5FEBKltWhbJ62WSyMEUGgy8eMUg==",
      "engines": {
        "node": ">=18.0.0"
      }
    }
  }
}
